{
  "lockfileVersion": 1,
  "workspaces": {
    "": {
      "name": "rateagame",
      "dependencies": {
        "@prisma/client": "^6.3.0-dev.31",
        "axios": "^1.9.0",
        "hono": "^4.6.18",
        "md5": "^2.3.0",
      },
      "devDependencies": {
        "@types/bun": "latest",
        "bun": "^1.2.14",
        "prisma": "^6.3.0-dev.31",
      },
    },
  },
  "packages": {
    "@oven/bun-darwin-aarch64": ["@oven/bun-darwin-aarch64@1.2.14", "", { "os": "darwin", "cpu": "arm64" }, "sha512-pGRsFypDOrV5rdMoOklMrj/RoV1xQirxjN8sAJNNlrQe/rvUbKSebDjlS70cBuxidLZq3+15y/KRr3njmcWkJQ=="],

    "@oven/bun-darwin-x64": ["@oven/bun-darwin-x64@1.2.14", "", { "os": "darwin", "cpu": "x64" }, "sha512-GhbzN7qGRnbus0eaqVfxSEyQTTNdUXhkGNi4nFbj7gfVMLXQb5JNj/kmCRu7hX+TOTkF+hrB1FKXcb4A3B3kHg=="],

    "@oven/bun-darwin-x64-baseline": ["@oven/bun-darwin-x64-baseline@1.2.14", "", { "os": "darwin", "cpu": "x64" }, "sha512-pxGVEuQUYA7ibNO92OgUtTpjN73sqHafl2MZNUGhFTwJN2Qw4Neq9nGIDwmVL6LFU0sMapNeh4I7snR3UO2xIg=="],

    "@oven/bun-linux-aarch64": ["@oven/bun-linux-aarch64@1.2.14", "", { "os": "linux", "cpu": "arm64" }, "sha512-7JQBOjJ/w3Zp5i6tv9Evduy4fUXaj6z6YZ/iIgkw1wBwmIQ5hTJAy4UGHaqTqyU6rgUWTpbsQ+GBY2rHXgou9A=="],

    "@oven/bun-linux-aarch64-musl": ["@oven/bun-linux-aarch64-musl@1.2.14", "", { "os": "linux", "cpu": "none" }, "sha512-K0QQ3srd900Xnx4++QS0KlaOYqiNN0RNJ1AZq0r31t1JdDP+tjuD/imAcE08A6XDkOvl00KSUdMyU8lERRDblQ=="],

    "@oven/bun-linux-x64": ["@oven/bun-linux-x64@1.2.14", "", { "os": "linux", "cpu": "x64" }, "sha512-2TXQzbhFnoW9PUUy5Ey7qAIeY2l0iqYAOZGFMAvTbtqE+WreHS0NC3DKoyALwrBHddkwS+VGUwr+Hcl4TMjNvg=="],

    "@oven/bun-linux-x64-baseline": ["@oven/bun-linux-x64-baseline@1.2.14", "", { "os": "linux", "cpu": "x64" }, "sha512-ZViqobm73HvPQVhNG07kfnLyDpMSi7vLTzzVSrVHvFGSeZ79MzdtHauYVnv8ovqgJmrWfhES74O8QVCUW4P0ZQ=="],

    "@oven/bun-linux-x64-musl": ["@oven/bun-linux-x64-musl@1.2.14", "", { "os": "linux", "cpu": "x64" }, "sha512-u9j7hjkGhLbrpvTANVdmC9jrkfUINfZ4WD/Dir7BrII0XnpoIJXkn+B/gmvgtJFKmtLPF9b/nFVojVNFQ1zFUA=="],

    "@oven/bun-linux-x64-musl-baseline": ["@oven/bun-linux-x64-musl-baseline@1.2.14", "", { "os": "linux", "cpu": "x64" }, "sha512-7Lb5/XqtGRtHv1TjlpS5863ZwsuFqZ8xIrCGrHcKyHpyih1mG9nsON7MEKctrWPzcPe1L/9y20y0z/72plzIYA=="],

    "@oven/bun-windows-x64": ["@oven/bun-windows-x64@1.2.14", "", { "os": "win32", "cpu": "x64" }, "sha512-Zur1ecPTYOURe5USpC/EjbquHloAehoW2iWg4A2SMNg30MilykaL2l3MjZDuDgHWECmRFRyKQgMWkgozVL/6uw=="],

    "@oven/bun-windows-x64-baseline": ["@oven/bun-windows-x64-baseline@1.2.14", "", { "os": "win32", "cpu": "x64" }, "sha512-4uXxPVTznUdQjsW9RBp6JybwhCZdt+mu4kJSpn1qWh6dCwDQhYvkCfako6x1FYW0+eZJEucwyyC36o1tbq2c+A=="],

    "@prisma/client": ["@prisma/client@6.3.0-integration-studio-ux-refinements.3", "", { "peerDependencies": { "prisma": "*", "typescript": ">=5.1.0" }, "optionalPeers": ["prisma", "typescript"] }, "sha512-xqJ6n5+DfSseKM8BiVX1w5i9bsZx24qAjIxoNmH7cEWd4Wiho+0ReqQ5mRkocTTrgJYSXWFDe5unMJgkwBD9Qg=="],

    "@prisma/debug": ["@prisma/debug@6.3.0-integration-studio-ux-refinements.3", "", {}, "sha512-0266Mhz921O0lNCVPoA8WPR1BK3ZGhpDArDVyZy37tcfy3NwwAhUiNPhPhuxurtTqjlK7urT5Pcfusm2AKxRcA=="],

    "@prisma/engines": ["@prisma/engines@6.3.0-integration-studio-ux-refinements.3", "", { "dependencies": { "@prisma/debug": "6.3.0-integration-studio-ux-refinements.3", "@prisma/engines-version": "6.3.0-17.acc0b9dd43eb689cbd20c9470515d719db10d0b0", "@prisma/fetch-engine": "6.3.0-integration-studio-ux-refinements.3", "@prisma/get-platform": "6.3.0-integration-studio-ux-refinements.3" } }, "sha512-SPRKvB/kJ3pBGl6aCMvolmM4uu5jeNWZJBLhorcCMrPwyPZa7RMJ9yxme4CXcyjxwkRWs07pFKB0faV4PDoaZw=="],

    "@prisma/engines-version": ["@prisma/engines-version@6.3.0-17.acc0b9dd43eb689cbd20c9470515d719db10d0b0", "", {}, "sha512-R/ZcMuaWZT2UBmgX3Ko6PAV3f8//ZzsjRIG1eKqp3f2rqEqVtCv+mtzuH2rBPUC9ujJ5kCb9wwpxeyCkLcHVyA=="],

    "@prisma/fetch-engine": ["@prisma/fetch-engine@6.3.0-integration-studio-ux-refinements.3", "", { "dependencies": { "@prisma/debug": "6.3.0-integration-studio-ux-refinements.3", "@prisma/engines-version": "6.3.0-17.acc0b9dd43eb689cbd20c9470515d719db10d0b0", "@prisma/get-platform": "6.3.0-integration-studio-ux-refinements.3" } }, "sha512-WdrP/HgxcQqCXnK2qjVEg2QSNDZnMcueirohgMAZjTXcFOpK2yNmU7xxF0INCO3AgTdeCSW6/AYP3RtOan5PPQ=="],

    "@prisma/get-platform": ["@prisma/get-platform@6.3.0-integration-studio-ux-refinements.3", "", { "dependencies": { "@prisma/debug": "6.3.0-integration-studio-ux-refinements.3" } }, "sha512-fwCwxaqZhr6Voebm/yqE0CLpk0580D10t5U3HKyQJskjnw4cJN2ZjY0zvAG1r0bCIP/yHNPBhu6H+diWmmq2ug=="],

    "@types/bun": ["@types/bun@1.2.0", "", { "dependencies": { "bun-types": "1.2.0" } }, "sha512-5N1JqdahfpBlAv4wy6svEYcd/YfO2GNrbL95JOmFx8nkE6dbK4R0oSE5SpBA4vBRqgrOUAXF8Dpiz+gi7r80SA=="],

    "@types/node": ["@types/node@22.10.10", "", { "dependencies": { "undici-types": "~6.20.0" } }, "sha512-X47y/mPNzxviAGY5TcYPtYL8JsY3kAq2n8fMmKoRCxq/c4v4pyGNCzM2R6+M5/umG4ZfHuT+sgqDYqWc9rJ6ww=="],

    "@types/ws": ["@types/ws@8.5.14", "", { "dependencies": { "@types/node": "*" } }, "sha512-bd/YFLW+URhBzMXurx7lWByOu+xzU9+kb3RboOteXYDfW+tr+JZa99OyNmPINEGB/ahzKrEuc8rcv4gnpJmxTw=="],

    "asynckit": ["asynckit@0.4.0", "", {}, "sha512-Oei9OH4tRh0YqU3GxhX79dM/mwVgvbZJaSNaRk+bshkj0S5cfHcgYakreBjrHwatXKbz+IoIdYLxrKim2MjW0Q=="],

    "axios": ["axios@1.9.0", "", { "dependencies": { "follow-redirects": "^1.15.6", "form-data": "^4.0.0", "proxy-from-env": "^1.1.0" } }, "sha512-re4CqKTJaURpzbLHtIi6XpDv20/CnpXOtjRY5/CU32L8gU8ek9UIivcfvSWvmKEngmVbrUtPpdDwWDWL7DNHvg=="],

    "bun": ["bun@1.2.14", "", { "optionalDependencies": { "@oven/bun-darwin-aarch64": "1.2.14", "@oven/bun-darwin-x64": "1.2.14", "@oven/bun-darwin-x64-baseline": "1.2.14", "@oven/bun-linux-aarch64": "1.2.14", "@oven/bun-linux-aarch64-musl": "1.2.14", "@oven/bun-linux-x64": "1.2.14", "@oven/bun-linux-x64-baseline": "1.2.14", "@oven/bun-linux-x64-musl": "1.2.14", "@oven/bun-linux-x64-musl-baseline": "1.2.14", "@oven/bun-windows-x64": "1.2.14", "@oven/bun-windows-x64-baseline": "1.2.14" }, "os": [ "linux", "win32", "darwin", ], "cpu": [ "x64", "arm64", ], "bin": { "bun": "bin/bun.exe", "bunx": "bin/bun.exe" } }, "sha512-xCd8eiUn5jju0+Noaz7aTWZFvrC8NbMjvcLDnk3gsa1UEaE3Gk4jMStZDsSzW97ynkb4d2ZYvwunstQxJhpZaA=="],

    "bun-types": ["bun-types@1.2.0", "", { "dependencies": { "@types/node": "*", "@types/ws": "~8.5.10" } }, "sha512-KEaJxyZfbV/c4eyG0vyehDpYmBGreNiQbZIqvVHJwZ4BmeuWlNZ7EAzMN2Zcd7ailmS/tGVW0BgYbGf+lGEpWw=="],

    "call-bind-apply-helpers": ["call-bind-apply-helpers@1.0.2", "", { "dependencies": { "es-errors": "^1.3.0", "function-bind": "^1.1.2" } }, "sha512-Sp1ablJ0ivDkSzjcaJdxEunN5/XvksFJ2sMBFfq6x0ryhQV/2b/KwFe21cMpmHtPOSij8K99/wSfoEuTObmuMQ=="],

    "charenc": ["charenc@0.0.2", "", {}, "sha512-yrLQ/yVUFXkzg7EDQsPieE/53+0RlaWTs+wBrvW36cyilJ2SaDWfl4Yj7MtLTXleV9uEKefbAGUPv2/iWSooRA=="],

    "combined-stream": ["combined-stream@1.0.8", "", { "dependencies": { "delayed-stream": "~1.0.0" } }, "sha512-FQN4MRfuJeHf7cBbBMJFXhKSDq+2kAArBlmRBvcvFE5BB1HZKXtSFASDhdlz9zOYwxh8lDdnvmMOe/+5cdoEdg=="],

    "crypt": ["crypt@0.0.2", "", {}, "sha512-mCxBlsHFYh9C+HVpiEacem8FEBnMXgU9gy4zmNC+SXAZNB/1idgp/aulFJ4FgCi7GPEVbfyng092GqL2k2rmow=="],

    "delayed-stream": ["delayed-stream@1.0.0", "", {}, "sha512-ZySD7Nf91aLB0RxL4KGrKHBXl7Eds1DAmEdcoVawXnLD7SDhpNgtuII2aAkg7a7QS41jxPSZ17p4VdGnMHk3MQ=="],

    "dunder-proto": ["dunder-proto@1.0.1", "", { "dependencies": { "call-bind-apply-helpers": "^1.0.1", "es-errors": "^1.3.0", "gopd": "^1.2.0" } }, "sha512-KIN/nDJBQRcXw0MLVhZE9iQHmG68qAVIBg9CqmUYjmQIhgij9U5MFvrqkUL5FbtyyzZuOeOt0zdeRe4UY7ct+A=="],

    "es-define-property": ["es-define-property@1.0.1", "", {}, "sha512-e3nRfgfUZ4rNGL232gUgX06QNyyez04KdjFrF+LTRoOXmrOgFKDg4BCdsjW8EnT69eqdYGmRpJwiPVYNrCaW3g=="],

    "es-errors": ["es-errors@1.3.0", "", {}, "sha512-Zf5H2Kxt2xjTvbJvP2ZWLEICxA6j+hAmMzIlypy4xcBg1vKVnx89Wy0GbS+kf5cwCVFFzdCFh2XSCFNULS6csw=="],

    "es-object-atoms": ["es-object-atoms@1.1.1", "", { "dependencies": { "es-errors": "^1.3.0" } }, "sha512-FGgH2h8zKNim9ljj7dankFPcICIK9Cp5bm+c2gQSYePhpaG5+esrLODihIorn+Pe6FGJzWhXQotPv73jTaldXA=="],

    "es-set-tostringtag": ["es-set-tostringtag@2.1.0", "", { "dependencies": { "es-errors": "^1.3.0", "get-intrinsic": "^1.2.6", "has-tostringtag": "^1.0.2", "hasown": "^2.0.2" } }, "sha512-j6vWzfrGVfyXxge+O0x5sh6cvxAog0a/4Rdd2K36zCMV5eJ+/+tOAngRO8cODMNWbVRdVlmGZQL2YS3yR8bIUA=="],

    "follow-redirects": ["follow-redirects@1.15.9", "", {}, "sha512-gew4GsXizNgdoRyqmyfMHyAmXsZDk6mHkSxZFCzW9gwlbtOW44CDtYavM+y+72qD/Vq2l550kMF52DT8fOLJqQ=="],

    "form-data": ["form-data@4.0.2", "", { "dependencies": { "asynckit": "^0.4.0", "combined-stream": "^1.0.8", "es-set-tostringtag": "^2.1.0", "mime-types": "^2.1.12" } }, "sha512-hGfm/slu0ZabnNt4oaRZ6uREyfCj6P4fT/n6A1rGV+Z0VdGXjfOhVUpkn6qVQONHGIFwmveGXyDs75+nr6FM8w=="],

    "fsevents": ["fsevents@2.3.3", "", { "os": "darwin" }, "sha512-5xoDfX+fL7faATnagmWPpbFtwh/R77WmMMqqHGS65C3vvB0YHrgF+B1YmZ3441tMj5n63k0212XNoJwzlhffQw=="],

    "function-bind": ["function-bind@1.1.2", "", {}, "sha512-7XHNxH7qX9xG5mIwxkhumTox/MIRNcOgDrxWsMt2pAr23WHp6MrRlN7FBSFpCpr+oVO0F744iUgR82nJMfG2SA=="],

    "get-intrinsic": ["get-intrinsic@1.3.0", "", { "dependencies": { "call-bind-apply-helpers": "^1.0.2", "es-define-property": "^1.0.1", "es-errors": "^1.3.0", "es-object-atoms": "^1.1.1", "function-bind": "^1.1.2", "get-proto": "^1.0.1", "gopd": "^1.2.0", "has-symbols": "^1.1.0", "hasown": "^2.0.2", "math-intrinsics": "^1.1.0" } }, "sha512-9fSjSaos/fRIVIp+xSJlE6lfwhES7LNtKaCBIamHsjr2na1BiABJPo0mOjjz8GJDURarmCPGqaiVg5mfjb98CQ=="],

    "get-proto": ["get-proto@1.0.1", "", { "dependencies": { "dunder-proto": "^1.0.1", "es-object-atoms": "^1.0.0" } }, "sha512-sTSfBjoXBp89JvIKIefqw7U2CCebsc74kiY6awiGogKtoSGbgjYE/G/+l9sF3MWFPNc9IcoOC4ODfKHfxFmp0g=="],

    "gopd": ["gopd@1.2.0", "", {}, "sha512-ZUKRh6/kUFoAiTAtTYPZJ3hw9wNxx+BIBOijnlG9PnrJsCcSjs1wyyD6vJpaYtgnzDrKYRSqf3OO6Rfa93xsRg=="],

    "has-symbols": ["has-symbols@1.1.0", "", {}, "sha512-1cDNdwJ2Jaohmb3sg4OmKaMBwuC48sYni5HUw2DvsC8LjGTLK9h+eb1X6RyuOHe4hT0ULCW68iomhjUoKUqlPQ=="],

    "has-tostringtag": ["has-tostringtag@1.0.2", "", { "dependencies": { "has-symbols": "^1.0.3" } }, "sha512-NqADB8VjPFLM2V0VvHUewwwsw0ZWBaIdgo+ieHtK3hasLz4qeCRjYcqfB6AQrBggRKppKF8L52/VqdVsO47Dlw=="],

    "hasown": ["hasown@2.0.2", "", { "dependencies": { "function-bind": "^1.1.2" } }, "sha512-0hJU9SCPvmMzIBdZFqNPXWa6dqh7WdH0cII9y+CyS8rG3nL48Bclra9HmKhVVUHyPWNH5Y7xDwAB7bfgSjkUMQ=="],

    "hono": ["hono@4.6.18", "", {}, "sha512-Fu7hEPvdwtPG8LqSAiPn8p8HjD+PDxrP/HVnwRBnwtVKOn5zDDKsw0ma2Xt58oq97Rlp3t/mRNADEV/Ym6cDng=="],

    "is-buffer": ["is-buffer@1.1.6", "", {}, "sha512-NcdALwpXkTm5Zvvbk7owOUSvVvBKDgKP5/ewfXEznmQFfs4ZRmanOeKBTjRVjka3QFoN6XJ+9F3USqfHqTaU5w=="],

    "math-intrinsics": ["math-intrinsics@1.1.0", "", {}, "sha512-/IXtbwEk5HTPyEwyKX6hGkYXxM9nbj64B+ilVJnC/R6B0pH5G4V3b0pVbL7DBj4tkhBAppbQUlf6F6Xl9LHu1g=="],

    "md5": ["md5@2.3.0", "", { "dependencies": { "charenc": "0.0.2", "crypt": "0.0.2", "is-buffer": "~1.1.6" } }, "sha512-T1GITYmFaKuO91vxyoQMFETst+O71VUPEU3ze5GNzDm0OWdP8v1ziTaAEPUr/3kLsY3Sftgz242A1SetQiDL7g=="],

    "mime-db": ["mime-db@1.52.0", "", {}, "sha512-sPU4uV7dYlvtWJxwwxHD0PuihVNiE7TyAbQ5SWxDCB9mUYvOgroQOwYQQOKPJ8CIbE+1ETVlOoK1UC2nU3gYvg=="],

    "mime-types": ["mime-types@2.1.35", "", { "dependencies": { "mime-db": "1.52.0" } }, "sha512-ZDY+bPm5zTTF+YpCrAU9nK0UgICYPT0QtT1NZWFv4s++TNkcgVaT0g6+4R2uI4MjQjzysHB1zxuWL50hzaeXiw=="],

    "prisma": ["prisma@6.3.0-integration-studio-ux-refinements.3", "", { "dependencies": { "@prisma/engines": "6.3.0-integration-studio-ux-refinements.3" }, "optionalDependencies": { "fsevents": "2.3.3" }, "peerDependencies": { "typescript": ">=5.1.0" }, "optionalPeers": ["typescript"], "bin": { "prisma": "build/index.js" } }, "sha512-WuBnrwoUpkS2AVgQKeYr8GEgHA9euVctIseCsWwjHRjJ7iBT24N9pY3pWRpKnACNt/9XTvxGTNDkZSE6gl55GA=="],

    "proxy-from-env": ["proxy-from-env@1.1.0", "", {}, "sha512-D+zkORCbA9f1tdWRK0RaCR3GPv50cMxcrz4X8k5LTSUD1Dkw47mKJEZQNunItRTkWwgtaUSo1RVFRIG9ZXiFYg=="],

    "undici-types": ["undici-types@6.20.0", "", {}, "sha512-Ny6QZ2Nju20vw1SRHe3d9jVu6gJ+4e3+MMpqu7pqE5HT6WsTSlce++GQmK5UXS8mzV8DSYHrQH+Xrf2jVcuKNg=="],
  }
}
