{
  "lockfileVersion": 1,
  "workspaces": {
    "": {
      "name": "rateagame",
      "dependencies": {
        "@prisma/client": "^6.3.0-dev.31",
        "hono": "^4.6.18",
        "md5": "^2.3.0",
      },
      "devDependencies": {
        "@types/bun": "latest",
        "prisma": "^6.3.0-dev.31",
      },
    },
  },
  "packages": {
    "@prisma/client": ["@prisma/client@6.3.0-integration-studio-ux-refinements.3", "", { "peerDependencies": { "prisma": "*", "typescript": ">=5.1.0" }, "optionalPeers": ["prisma", "typescript"] }, "sha512-xqJ6n5+DfSseKM8BiVX1w5i9bsZx24qAjIxoNmH7cEWd4Wiho+0ReqQ5mRkocTTrgJYSXWFDe5unMJgkwBD9Qg=="],

    "@prisma/debug": ["@prisma/debug@6.3.0-integration-studio-ux-refinements.3", "", {}, "sha512-0266Mhz921O0lNCVPoA8WPR1BK3ZGhpDArDVyZy37tcfy3NwwAhUiNPhPhuxurtTqjlK7urT5Pcfusm2AKxRcA=="],

    "@prisma/engines": ["@prisma/engines@6.3.0-integration-studio-ux-refinements.3", "", { "dependencies": { "@prisma/debug": "6.3.0-integration-studio-ux-refinements.3", "@prisma/engines-version": "6.3.0-17.acc0b9dd43eb689cbd20c9470515d719db10d0b0", "@prisma/fetch-engine": "6.3.0-integration-studio-ux-refinements.3", "@prisma/get-platform": "6.3.0-integration-studio-ux-refinements.3" } }, "sha512-SPRKvB/kJ3pBGl6aCMvolmM4uu5jeNWZJBLhorcCMrPwyPZa7RMJ9yxme4CXcyjxwkRWs07pFKB0faV4PDoaZw=="],

    "@prisma/engines-version": ["@prisma/engines-version@6.3.0-17.acc0b9dd43eb689cbd20c9470515d719db10d0b0", "", {}, "sha512-R/ZcMuaWZT2UBmgX3Ko6PAV3f8//ZzsjRIG1eKqp3f2rqEqVtCv+mtzuH2rBPUC9ujJ5kCb9wwpxeyCkLcHVyA=="],

    "@prisma/fetch-engine": ["@prisma/fetch-engine@6.3.0-integration-studio-ux-refinements.3", "", { "dependencies": { "@prisma/debug": "6.3.0-integration-studio-ux-refinements.3", "@prisma/engines-version": "6.3.0-17.acc0b9dd43eb689cbd20c9470515d719db10d0b0", "@prisma/get-platform": "6.3.0-integration-studio-ux-refinements.3" } }, "sha512-WdrP/HgxcQqCXnK2qjVEg2QSNDZnMcueirohgMAZjTXcFOpK2yNmU7xxF0INCO3AgTdeCSW6/AYP3RtOan5PPQ=="],

    "@prisma/get-platform": ["@prisma/get-platform@6.3.0-integration-studio-ux-refinements.3", "", { "dependencies": { "@prisma/debug": "6.3.0-integration-studio-ux-refinements.3" } }, "sha512-fwCwxaqZhr6Voebm/yqE0CLpk0580D10t5U3HKyQJskjnw4cJN2ZjY0zvAG1r0bCIP/yHNPBhu6H+diWmmq2ug=="],

    "@types/bun": ["@types/bun@1.2.0", "", { "dependencies": { "bun-types": "1.2.0" } }, "sha512-5N1JqdahfpBlAv4wy6svEYcd/YfO2GNrbL95JOmFx8nkE6dbK4R0oSE5SpBA4vBRqgrOUAXF8Dpiz+gi7r80SA=="],

    "@types/node": ["@types/node@22.10.10", "", { "dependencies": { "undici-types": "~6.20.0" } }, "sha512-X47y/mPNzxviAGY5TcYPtYL8JsY3kAq2n8fMmKoRCxq/c4v4pyGNCzM2R6+M5/umG4ZfHuT+sgqDYqWc9rJ6ww=="],

    "@types/ws": ["@types/ws@8.5.14", "", { "dependencies": { "@types/node": "*" } }, "sha512-bd/YFLW+URhBzMXurx7lWByOu+xzU9+kb3RboOteXYDfW+tr+JZa99OyNmPINEGB/ahzKrEuc8rcv4gnpJmxTw=="],

    "bun-types": ["bun-types@1.2.0", "", { "dependencies": { "@types/node": "*", "@types/ws": "~8.5.10" } }, "sha512-KEaJxyZfbV/c4eyG0vyehDpYmBGreNiQbZIqvVHJwZ4BmeuWlNZ7EAzMN2Zcd7ailmS/tGVW0BgYbGf+lGEpWw=="],

    "charenc": ["charenc@0.0.2", "", {}, "sha512-yrLQ/yVUFXkzg7EDQsPieE/53+0RlaWTs+wBrvW36cyilJ2SaDWfl4Yj7MtLTXleV9uEKefbAGUPv2/iWSooRA=="],

    "crypt": ["crypt@0.0.2", "", {}, "sha512-mCxBlsHFYh9C+HVpiEacem8FEBnMXgU9gy4zmNC+SXAZNB/1idgp/aulFJ4FgCi7GPEVbfyng092GqL2k2rmow=="],

    "fsevents": ["fsevents@2.3.3", "", { "os": "darwin" }, "sha512-5xoDfX+fL7faATnagmWPpbFtwh/R77WmMMqqHGS65C3vvB0YHrgF+B1YmZ3441tMj5n63k0212XNoJwzlhffQw=="],

    "hono": ["hono@4.6.18", "", {}, "sha512-Fu7hEPvdwtPG8LqSAiPn8p8HjD+PDxrP/HVnwRBnwtVKOn5zDDKsw0ma2Xt58oq97Rlp3t/mRNADEV/Ym6cDng=="],

    "is-buffer": ["is-buffer@1.1.6", "", {}, "sha512-NcdALwpXkTm5Zvvbk7owOUSvVvBKDgKP5/ewfXEznmQFfs4ZRmanOeKBTjRVjka3QFoN6XJ+9F3USqfHqTaU5w=="],

    "md5": ["md5@2.3.0", "", { "dependencies": { "charenc": "0.0.2", "crypt": "0.0.2", "is-buffer": "~1.1.6" } }, "sha512-T1GITYmFaKuO91vxyoQMFETst+O71VUPEU3ze5GNzDm0OWdP8v1ziTaAEPUr/3kLsY3Sftgz242A1SetQiDL7g=="],

    "prisma": ["prisma@6.3.0-integration-studio-ux-refinements.3", "", { "dependencies": { "@prisma/engines": "6.3.0-integration-studio-ux-refinements.3" }, "optionalDependencies": { "fsevents": "2.3.3" }, "peerDependencies": { "typescript": ">=5.1.0" }, "optionalPeers": ["typescript"], "bin": { "prisma": "build/index.js" } }, "sha512-WuBnrwoUpkS2AVgQKeYr8GEgHA9euVctIseCsWwjHRjJ7iBT24N9pY3pWRpKnACNt/9XTvxGTNDkZSE6gl55GA=="],

    "undici-types": ["undici-types@6.20.0", "", {}, "sha512-Ny6QZ2Nju20vw1SRHe3d9jVu6gJ+4e3+MMpqu7pqE5HT6WsTSlce++GQmK5UXS8mzV8DSYHrQH+Xrf2jVcuKNg=="],
  }
}
